
Microsoft Visual Studio Solution File, Format Version 12.00
# Visual Studio Version 17
VisualStudioVersion = 17.7.34031.279
MinimumVisualStudioVersion = 10.0.40219.1
Project("{FAE04EC0-301F-11D3-BF4B-00C04F79EFBC}") = "Programare1", "Programare1\Programare1.csproj", "{59CFB6DA-7687-42FB-846A-37465D34F28F}"
EndProject
Project("{FAE04EC0-301F-11D3-BF4B-00C04F79EFBC}") = "Lab2", "Lab2\Lab2.csproj", "{5AFD037F-71FF-441E-B486-D5A98EEF1011}"
EndProject
Project("{FAE04EC0-301F-11D3-BF4B-00C04F79EFBC}") = "lab3", "lab3\lab3.csproj", "{DA90E014-A497-4293-A576-BB061CCF12F7}"
EndProject
Project("{FAE04EC0-301F-11D3-BF4B-00C04F79EFBC}") = "lab4", "lab4\lab4.csproj", "{FEE2D2BC-9887-4801-A504-E2FA49DEE1A4}"
EndProject
Project("{FAE04EC0-301F-11D3-BF4B-00C04F79EFBC}") = "lab5", "lab5\lab5.csproj", "{6C31765E-FABB-40EA-A8DC-FFD77798260B}"
EndProject
Project("{FAE04EC0-301F-11D3-BF4B-00C04F79EFBC}") = "lab6", "lab6\lab6.csproj", "{14BCCD96-8EE9-4B1C-95CA-A1FC7CF3AC59}"
EndProject
Project("{FAE04EC0-301F-11D3-BF4B-00C04F79EFBC}") = "lab7", "lab7\lab7.csproj", "{B037E6B0-F26D-4F01-94CE-D8A0570631D2}"
EndProject
Project("{FAE04EC0-301F-11D3-BF4B-00C04F79EFBC}") = "lab8", "lab8\lab8.csproj", "{64A8CE29-4850-46F7-B00B-F576E70C9647}"
EndProject
Project("{FAE04EC0-301F-11D3-BF4B-00C04F79EFBC}") = "lab9", "lab9\lab9.csproj", "{7FBA4D7A-EE59-41DC-B1DB-68FC84AE85EA}"
EndProject
Project("{FAE04EC0-301F-11D3-BF4B-00C04F79EFBC}") = "lab10", "lab10\lab10.csproj", "{F142C5F0-5CC5-4111-A47C-7760438225FC}"
EndProject
Project("{FAE04EC0-301F-11D3-BF4B-00C04F79EFBC}") = "lab11", "lab11\lab11.csproj", "{1C20255C-B43A-445A-B803-653058D60F46}"
EndProject
Project("{FAE04EC0-301F-11D3-BF4B-00C04F79EFBC}") = "lab12", "lab12\lab12.csproj", "{4C2E6D79-77AB-46DC-9C04-27874CEC1567}"
EndProject
Project("{FAE04EC0-301F-11D3-BF4B-00C04F79EFBC}") = "lab13", "lab13\lab13.csproj", "{A9C2F7A5-02C8-4518-AAF0-0449B18E2977}"
EndProject
Project("{FAE04EC0-301F-11D3-BF4B-00C04F79EFBC}") = "lab14", "lab14\lab14.csproj", "{DC6E2800-4E41-4DD1-9DDD-E94C683E5B1D}"
EndProject
Global
	GlobalSection(SolutionConfigurationPlatforms) = preSolution
		Debug|Any CPU = Debug|Any CPU
		Release|Any CPU = Release|Any CPU
	EndGlobalSection
	GlobalSection(ProjectConfigurationPlatforms) = postSolution
		{59CFB6DA-7687-42FB-846A-37465D34F28F}.Debug|Any CPU.ActiveCfg = Debug|Any CPU
		{59CFB6DA-7687-42FB-846A-37465D34F28F}.Debug|Any CPU.Build.0 = Debug|Any CPU
		{59CFB6DA-7687-42FB-846A-37465D34F28F}.Release|Any CPU.ActiveCfg = Release|Any CPU
		{59CFB6DA-7687-42FB-846A-37465D34F28F}.Release|Any CPU.Build.0 = Release|Any CPU
		{5AFD037F-71FF-441E-B486-D5A98EEF1011}.Debug|Any CPU.ActiveCfg = Debug|Any CPU
		{5AFD037F-71FF-441E-B486-D5A98EEF1011}.Debug|Any CPU.Build.0 = Debug|Any CPU
		{5AFD037F-71FF-441E-B486-D5A98EEF1011}.Release|Any CPU.ActiveCfg = Release|Any CPU
		{5AFD037F-71FF-441E-B486-D5A98EEF1011}.Release|Any CPU.Build.0 = Release|Any CPU
		{DA90E014-A497-4293-A576-BB061CCF12F7}.Debug|Any CPU.ActiveCfg = Debug|Any CPU
		{DA90E014-A497-4293-A576-BB061CCF12F7}.Debug|Any CPU.Build.0 = Debug|Any CPU
		{DA90E014-A497-4293-A576-BB061CCF12F7}.Release|Any CPU.ActiveCfg = Release|Any CPU
		{DA90E014-A497-4293-A576-BB061CCF12F7}.Release|Any CPU.Build.0 = Release|Any CPU
		{FEE2D2BC-9887-4801-A504-E2FA49DEE1A4}.Debug|Any CPU.ActiveCfg = Debug|Any CPU
		{FEE2D2BC-9887-4801-A504-E2FA49DEE1A4}.Debug|Any CPU.Build.0 = Debug|Any CPU
		{FEE2D2BC-9887-4801-A504-E2FA49DEE1A4}.Release|Any CPU.ActiveCfg = Release|Any CPU
		{FEE2D2BC-9887-4801-A504-E2FA49DEE1A4}.Release|Any CPU.Build.0 = Release|Any CPU
		{6C31765E-FABB-40EA-A8DC-FFD77798260B}.Debug|Any CPU.ActiveCfg = Debug|Any CPU
		{6C31765E-FABB-40EA-A8DC-FFD77798260B}.Debug|Any CPU.Build.0 = Debug|Any CPU
		{6C31765E-FABB-40EA-A8DC-FFD77798260B}.Release|Any CPU.ActiveCfg = Release|Any CPU
		{6C31765E-FABB-40EA-A8DC-FFD77798260B}.Release|Any CPU.Build.0 = Release|Any CPU
		{14BCCD96-8EE9-4B1C-95CA-A1FC7CF3AC59}.Debug|Any CPU.ActiveCfg = Debug|Any CPU
		{14BCCD96-8EE9-4B1C-95CA-A1FC7CF3AC59}.Debug|Any CPU.Build.0 = Debug|Any CPU
		{14BCCD96-8EE9-4B1C-95CA-A1FC7CF3AC59}.Release|Any CPU.ActiveCfg = Release|Any CPU
		{14BCCD96-8EE9-4B1C-95CA-A1FC7CF3AC59}.Release|Any CPU.Build.0 = Release|Any CPU
		{B037E6B0-F26D-4F01-94CE-D8A0570631D2}.Debug|Any CPU.ActiveCfg = Debug|Any CPU
		{B037E6B0-F26D-4F01-94CE-D8A0570631D2}.Debug|Any CPU.Build.0 = Debug|Any CPU
		{B037E6B0-F26D-4F01-94CE-D8A0570631D2}.Release|Any CPU.ActiveCfg = Release|Any CPU
		{B037E6B0-F26D-4F01-94CE-D8A0570631D2}.Release|Any CPU.Build.0 = Release|Any CPU
		{64A8CE29-4850-46F7-B00B-F576E70C9647}.Debug|Any CPU.ActiveCfg = Debug|Any CPU
		{64A8CE29-4850-46F7-B00B-F576E70C9647}.Debug|Any CPU.Build.0 = Debug|Any CPU
		{64A8CE29-4850-46F7-B00B-F576E70C9647}.Release|Any CPU.ActiveCfg = Release|Any CPU
		{64A8CE29-4850-46F7-B00B-F576E70C9647}.Release|Any CPU.Build.0 = Release|Any CPU
		{7FBA4D7A-EE59-41DC-B1DB-68FC84AE85EA}.Debug|Any CPU.ActiveCfg = Debug|Any CPU
		{7FBA4D7A-EE59-41DC-B1DB-68FC84AE85EA}.Debug|Any CPU.Build.0 = Debug|Any CPU
		{7FBA4D7A-EE59-41DC-B1DB-68FC84AE85EA}.Release|Any CPU.ActiveCfg = Release|Any CPU
		{7FBA4D7A-EE59-41DC-B1DB-68FC84AE85EA}.Release|Any CPU.Build.0 = Release|Any CPU
		{F142C5F0-5CC5-4111-A47C-7760438225FC}.Debug|Any CPU.ActiveCfg = Debug|Any CPU
		{F142C5F0-5CC5-4111-A47C-7760438225FC}.Debug|Any CPU.Build.0 = Debug|Any CPU
		{F142C5F0-5CC5-4111-A47C-7760438225FC}.Release|Any CPU.ActiveCfg = Release|Any CPU
		{F142C5F0-5CC5-4111-A47C-7760438225FC}.Release|Any CPU.Build.0 = Release|Any CPU
		{1C20255C-B43A-445A-B803-653058D60F46}.Debug|Any CPU.ActiveCfg = Debug|Any CPU
		{1C20255C-B43A-445A-B803-653058D60F46}.Debug|Any CPU.Build.0 = Debug|Any CPU
		{1C20255C-B43A-445A-B803-653058D60F46}.Release|Any CPU.ActiveCfg = Release|Any CPU
		{1C20255C-B43A-445A-B803-653058D60F46}.Release|Any CPU.Build.0 = Release|Any CPU
		{4C2E6D79-77AB-46DC-9C04-27874CEC1567}.Debug|Any CPU.ActiveCfg = Debug|Any CPU
		{4C2E6D79-77AB-46DC-9C04-27874CEC1567}.Debug|Any CPU.Build.0 = Debug|Any CPU
		{4C2E6D79-77AB-46DC-9C04-27874CEC1567}.Release|Any CPU.ActiveCfg = Release|Any CPU
		{4C2E6D79-77AB-46DC-9C04-27874CEC1567}.Release|Any CPU.Build.0 = Release|Any CPU
		{A9C2F7A5-02C8-4518-AAF0-0449B18E2977}.Debug|Any CPU.ActiveCfg = Debug|Any CPU
		{A9C2F7A5-02C8-4518-AAF0-0449B18E2977}.Debug|Any CPU.Build.0 = Debug|Any CPU
		{A9C2F7A5-02C8-4518-AAF0-0449B18E2977}.Release|Any CPU.ActiveCfg = Release|Any CPU
		{A9C2F7A5-02C8-4518-AAF0-0449B18E2977}.Release|Any CPU.Build.0 = Release|Any CPU
		{DC6E2800-4E41-4DD1-9DDD-E94C683E5B1D}.Debug|Any CPU.ActiveCfg = Debug|Any CPU
		{DC6E2800-4E41-4DD1-9DDD-E94C683E5B1D}.Debug|Any CPU.Build.0 = Debug|Any CPU
		{DC6E2800-4E41-4DD1-9DDD-E94C683E5B1D}.Release|Any CPU.ActiveCfg = Release|Any CPU
		{DC6E2800-4E41-4DD1-9DDD-E94C683E5B1D}.Release|Any CPU.Build.0 = Release|Any CPU
	EndGlobalSection
	GlobalSection(SolutionProperties) = preSolution
		HideSolutionNode = FALSE
	EndGlobalSection
	GlobalSection(ExtensibilityGlobals) = postSolution
		SolutionGuid = {3211898D-46A3-49DE-A8C8-1CBC9F13E3D5}
	EndGlobalSection
EndGlobal
