
Microsoft Visual Studio Solution File, Format Version 12.00
# Visual Studio Version 17
VisualStudioVersion = 17.7.34031.279
MinimumVisualStudioVersion = 10.0.40219.1
Project("{FAE04EC0-301F-11D3-BF4B-00C04F79EFBC}") = "Programare1", "Programare1\Programare1.csproj", "{59CFB6DA-7687-42FB-846A-37465D34F28F}"
EndProject
Project("{FAE04EC0-301F-11D3-BF4B-00C04F79EFBC}") = "Lab2", "Lab2\Lab2.csproj", "{5AFD037F-71FF-441E-B486-D5A98EEF1011}"
EndProject
Project("{FAE04EC0-301F-11D3-BF4B-00C04F79EFBC}") = "lab3", "lab3\lab3.csproj", "{DA90E014-A497-4293-A576-BB061CCF12F7}"
EndProject
Global
	GlobalSection(SolutionConfigurationPlatforms) = preSolution
		Debug|Any CPU = Debug|Any CPU
		Release|Any CPU = Release|Any CPU
	EndGlobalSection
	GlobalSection(ProjectConfigurationPlatforms) = postSolution
		{59CFB6DA-7687-42FB-846A-37465D34F28F}.Debug|Any CPU.ActiveCfg = Debug|Any CPU
		{59CFB6DA-7687-42FB-846A-37465D34F28F}.Debug|Any CPU.Build.0 = Debug|Any CPU
		{59CFB6DA-7687-42FB-846A-37465D34F28F}.Release|Any CPU.ActiveCfg = Release|Any CPU
		{59CFB6DA-7687-42FB-846A-37465D34F28F}.Release|Any CPU.Build.0 = Release|Any CPU
		{5AFD037F-71FF-441E-B486-D5A98EEF1011}.Debug|Any CPU.ActiveCfg = Debug|Any CPU
		{5AFD037F-71FF-441E-B486-D5A98EEF1011}.Debug|Any CPU.Build.0 = Debug|Any CPU
		{5AFD037F-71FF-441E-B486-D5A98EEF1011}.Release|Any CPU.ActiveCfg = Release|Any CPU
		{5AFD037F-71FF-441E-B486-D5A98EEF1011}.Release|Any CPU.Build.0 = Release|Any CPU
		{DA90E014-A497-4293-A576-BB061CCF12F7}.Debug|Any CPU.ActiveCfg = Debug|Any CPU
		{DA90E014-A497-4293-A576-BB061CCF12F7}.Debug|Any CPU.Build.0 = Debug|Any CPU
		{DA90E014-A497-4293-A576-BB061CCF12F7}.Release|Any CPU.ActiveCfg = Release|Any CPU
		{DA90E014-A497-4293-A576-BB061CCF12F7}.Release|Any CPU.Build.0 = Release|Any CPU
	EndGlobalSection
	GlobalSection(SolutionProperties) = preSolution
		HideSolutionNode = FALSE
	EndGlobalSection
	GlobalSection(ExtensibilityGlobals) = postSolution
		SolutionGuid = {3211898D-46A3-49DE-A8C8-1CBC9F13E3D5}
	EndGlobalSection
EndGlobal
